
Microsoft Visual Studio Solution File, Format Version 12.00
# Visual Studio Version 16
VisualStudioVersion = 16.0.29424.173
MinimumVisualStudioVersion = 10.0.40219.1
Project("{FAE04EC0-301F-11D3-BF4B-00C04F79EFBC}") = "XPSShipping", "XPSShipping\XPSShipping.csproj", "{AB8679C2-6BA9-409D-8F50-E9E56E159446}"
EndProject
Global
	GlobalSection(SolutionConfigurationPlatforms) = preSolution
		Debug|Any CPU = Debug|Any CPU
		Release|Any CPU = Release|Any CPU
	EndGlobalSection
	GlobalSection(ProjectConfigurationPlatforms) = postSolution
		{AB8679C2-6BA9-409D-8F50-E9E56E159446}.Debug|Any CPU.ActiveCfg = Debug|Any CPU
		{AB8679C2-6BA9-409D-8F50-E9E56E159446}.Debug|Any CPU.Build.0 = Debug|Any CPU
		{AB8679C2-6BA9-409D-8F50-E9E56E159446}.Release|Any CPU.ActiveCfg = Release|Any CPU
		{AB8679C2-6BA9-409D-8F50-E9E56E159446}.Release|Any CPU.Build.0 = Release|Any CPU
	EndGlobalSection
	GlobalSection(SolutionProperties) = preSolution
		HideSolutionNode = FALSE
	EndGlobalSection
	GlobalSection(ExtensibilityGlobals) = postSolution
		SolutionGuid = {DB2672FB-8698-4EA9-94CC-8C86947EBB6F}
	EndGlobalSection
EndGlobal
